
Microsoft Visual Studio Solution File, Format Version 12.00
# Visual Studio Version 17
VisualStudioVersion = 17.7.34221.43
MinimumVisualStudioVersion = 10.0.40219.1
Project("{FAE04EC0-301F-11D3-BF4B-00C04F79EFBC}") = "bridge_movement_calculator", "bridge_movement_calculator.csproj", "{D06287D8-4FF1-4AE8-B466-45C7C78510AF}"
EndProject
Global
	GlobalSection(SolutionConfigurationPlatforms) = preSolution
		Debug|Any CPU = Debug|Any CPU
		Release|Any CPU = Release|Any CPU
	EndGlobalSection
	GlobalSection(ProjectConfigurationPlatforms) = postSolution
		{D06287D8-4FF1-4AE8-B466-45C7C78510AF}.Debug|Any CPU.ActiveCfg = Debug|Any CPU
		{D06287D8-4FF1-4AE8-B466-45C7C78510AF}.Debug|Any CPU.Build.0 = Debug|Any CPU
		{D06287D8-4FF1-4AE8-B466-45C7C78510AF}.Release|Any CPU.ActiveCfg = Release|Any CPU
		{D06287D8-4FF1-4AE8-B466-45C7C78510AF}.Release|Any CPU.Build.0 = Release|Any CPU
	EndGlobalSection
	GlobalSection(SolutionProperties) = preSolution
		HideSolutionNode = FALSE
	EndGlobalSection
	GlobalSection(ExtensibilityGlobals) = postSolution
		SolutionGuid = {AA7AA86F-A68B-4124-8428-4FA889A82894}
	EndGlobalSection
EndGlobal
